
Microsoft Visual Studio Solution File, Format Version 12.00
# Visual Studio 15
VisualStudioVersion = 15.0.27130.2024
MinimumVisualStudioVersion = 10.0.40219.1
Project("{FAE04EC0-301F-11D3-BF4B-00C04F79EFBC}") = "Robot Rampage MonoGame CSharp", "Robot Rampage MonoGame CSharp\Robot Rampage MonoGame CSharp.csproj", "{9B7F1077-DCF1-4233-81CE-7D1A1925A90F}"
EndProject
Global
	GlobalSection(SolutionConfigurationPlatforms) = preSolution
		Debug|Any CPU = Debug|Any CPU
		Release|Any CPU = Release|Any CPU
	EndGlobalSection
	GlobalSection(ProjectConfigurationPlatforms) = postSolution
		{9B7F1077-DCF1-4233-81CE-7D1A1925A90F}.Debug|Any CPU.ActiveCfg = Debug|Any CPU
		{9B7F1077-DCF1-4233-81CE-7D1A1925A90F}.Debug|Any CPU.Build.0 = Debug|Any CPU
		{9B7F1077-DCF1-4233-81CE-7D1A1925A90F}.Release|Any CPU.ActiveCfg = Release|Any CPU
		{9B7F1077-DCF1-4233-81CE-7D1A1925A90F}.Release|Any CPU.Build.0 = Release|Any CPU
	EndGlobalSection
	GlobalSection(SolutionProperties) = preSolution
		HideSolutionNode = FALSE
	EndGlobalSection
	GlobalSection(ExtensibilityGlobals) = postSolution
		SolutionGuid = {C8C70778-D4BA-4111-A9B3-4B630335D7D9}
	EndGlobalSection
EndGlobal
